
Microsoft Visual Studio Solution File, Format Version 12.00
# Visual Studio Version 17
VisualStudioVersion = 17.3.32929.385
MinimumVisualStudioVersion = 10.0.40219.1
Project("{9A19103F-16F7-4668-BE54-9A1E7A4F7556}") = "API.web", "API.web\API.web.csproj", "{2400E979-74AA-4123-8951-5723383D6916}"
EndProject
Project("{9A19103F-16F7-4668-BE54-9A1E7A4F7556}") = "DataModel", "DataModel\DataModel.csproj", "{66D45B67-666D-4179-8D4A-A976CA73D680}"
EndProject
Project("{9A19103F-16F7-4668-BE54-9A1E7A4F7556}") = "DataAccessLayer", "DataAccessLayer\DataAccessLayer.csproj", "{00A8112C-27DE-4D9B-8125-4875823CAB0F}"
EndProject
Project("{9A19103F-16F7-4668-BE54-9A1E7A4F7556}") = "BusinessLogicLayer", "BusinessLogicLayer\BusinessLogicLayer.csproj", "{EBE1ADAC-2462-424F-BD03-31050816A0C9}"
EndProject
Project("{FAE04EC0-301F-11D3-BF4B-00C04F79EFBC}") = "Gateway", "Gateway\Gateway.csproj", "{7B1639BE-BC90-4070-9D3F-2B368680AF99}"
EndProject
Global
	GlobalSection(SolutionConfigurationPlatforms) = preSolution
		Debug|Any CPU = Debug|Any CPU
		Release|Any CPU = Release|Any CPU
	EndGlobalSection
	GlobalSection(ProjectConfigurationPlatforms) = postSolution
		{2400E979-74AA-4123-8951-5723383D6916}.Debug|Any CPU.ActiveCfg = Debug|Any CPU
		{2400E979-74AA-4123-8951-5723383D6916}.Debug|Any CPU.Build.0 = Debug|Any CPU
		{2400E979-74AA-4123-8951-5723383D6916}.Release|Any CPU.ActiveCfg = Release|Any CPU
		{2400E979-74AA-4123-8951-5723383D6916}.Release|Any CPU.Build.0 = Release|Any CPU
		{66D45B67-666D-4179-8D4A-A976CA73D680}.Debug|Any CPU.ActiveCfg = Debug|Any CPU
		{66D45B67-666D-4179-8D4A-A976CA73D680}.Debug|Any CPU.Build.0 = Debug|Any CPU
		{66D45B67-666D-4179-8D4A-A976CA73D680}.Release|Any CPU.ActiveCfg = Release|Any CPU
		{66D45B67-666D-4179-8D4A-A976CA73D680}.Release|Any CPU.Build.0 = Release|Any CPU
		{00A8112C-27DE-4D9B-8125-4875823CAB0F}.Debug|Any CPU.ActiveCfg = Debug|Any CPU
		{00A8112C-27DE-4D9B-8125-4875823CAB0F}.Debug|Any CPU.Build.0 = Debug|Any CPU
		{00A8112C-27DE-4D9B-8125-4875823CAB0F}.Release|Any CPU.ActiveCfg = Release|Any CPU
		{00A8112C-27DE-4D9B-8125-4875823CAB0F}.Release|Any CPU.Build.0 = Release|Any CPU
		{EBE1ADAC-2462-424F-BD03-31050816A0C9}.Debug|Any CPU.ActiveCfg = Debug|Any CPU
		{EBE1ADAC-2462-424F-BD03-31050816A0C9}.Debug|Any CPU.Build.0 = Debug|Any CPU
		{EBE1ADAC-2462-424F-BD03-31050816A0C9}.Release|Any CPU.ActiveCfg = Release|Any CPU
		{EBE1ADAC-2462-424F-BD03-31050816A0C9}.Release|Any CPU.Build.0 = Release|Any CPU
		{7B1639BE-BC90-4070-9D3F-2B368680AF99}.Debug|Any CPU.ActiveCfg = Debug|Any CPU
		{7B1639BE-BC90-4070-9D3F-2B368680AF99}.Debug|Any CPU.Build.0 = Debug|Any CPU
		{7B1639BE-BC90-4070-9D3F-2B368680AF99}.Release|Any CPU.ActiveCfg = Release|Any CPU
		{7B1639BE-BC90-4070-9D3F-2B368680AF99}.Release|Any CPU.Build.0 = Release|Any CPU
	EndGlobalSection
	GlobalSection(SolutionProperties) = preSolution
		HideSolutionNode = FALSE
	EndGlobalSection
	GlobalSection(ExtensibilityGlobals) = postSolution
		SolutionGuid = {5BED7164-879E-4778-934F-BB28A04FDD8C}
	EndGlobalSection
EndGlobal
